<?xml version="1.0" encoding="UTF-8"?>
<CodeBlocks_project_file>
	<FileVersion major="1" minor="6"/>
	<Project>
		<Option title="uart"/>
		<Option makefile_is_custom="1"/>
		<Option compiler="gcc"/>
		<Option virtualFolders="CMake Files\;CMake Files\..\;CMake Files\..\..\;CMake Files\..\..\..\;CMake Files\..\..\..\..\;CMake Files\..\..\..\..\lib\;CMake Files\..\..\..\..\lib\nanopb\;CMake Files\..\..\..\..\lib\nanopb\extra\;"/>
		<Build>
			<Target title="all">
				<Option working_dir="/Users/ramadan/repos/pfyl/src/device/x86_64/uart"/>
				<Option type="4"/>
				<MakeCommands>
					<Build command="/usr/bin/make -f &quot;/Users/ramadan/repos/pfyl/src/device/x86_64/uart/Makefile&quot;  VERBOSE=1 all"/>
					<CompileFile command="/usr/bin/make -f &quot;/Users/ramadan/repos/pfyl/src/device/x86_64/uart/Makefile&quot;  VERBOSE=1 &quot;$file&quot;"/>
					<Clean command="/usr/bin/make -f &quot;/Users/ramadan/repos/pfyl/src/device/x86_64/uart/Makefile&quot;  VERBOSE=1 clean"/>
					<DistClean command="/usr/bin/make -f &quot;/Users/ramadan/repos/pfyl/src/device/x86_64/uart/Makefile&quot;  VERBOSE=1 clean"/>
				</MakeCommands>
			</Target>
			<Target title="rebuild_cache">
				<Option working_dir="/Users/ramadan/repos/pfyl/src/device/x86_64/uart"/>
				<Option type="4"/>
				<MakeCommands>
					<Build command="/usr/bin/make -f &quot;/Users/ramadan/repos/pfyl/src/device/x86_64/uart/Makefile&quot;  VERBOSE=1 rebuild_cache"/>
					<CompileFile command="/usr/bin/make -f &quot;/Users/ramadan/repos/pfyl/src/device/x86_64/uart/Makefile&quot;  VERBOSE=1 &quot;$file&quot;"/>
					<Clean command="/usr/bin/make -f &quot;/Users/ramadan/repos/pfyl/src/device/x86_64/uart/Makefile&quot;  VERBOSE=1 clean"/>
					<DistClean command="/usr/bin/make -f &quot;/Users/ramadan/repos/pfyl/src/device/x86_64/uart/Makefile&quot;  VERBOSE=1 clean"/>
				</MakeCommands>
			</Target>
			<Target title="edit_cache">
				<Option working_dir="/Users/ramadan/repos/pfyl/src/device/x86_64/uart"/>
				<Option type="4"/>
				<MakeCommands>
					<Build command="/usr/bin/make -f &quot;/Users/ramadan/repos/pfyl/src/device/x86_64/uart/Makefile&quot;  VERBOSE=1 edit_cache"/>
					<CompileFile command="/usr/bin/make -f &quot;/Users/ramadan/repos/pfyl/src/device/x86_64/uart/Makefile&quot;  VERBOSE=1 &quot;$file&quot;"/>
					<Clean command="/usr/bin/make -f &quot;/Users/ramadan/repos/pfyl/src/device/x86_64/uart/Makefile&quot;  VERBOSE=1 clean"/>
					<DistClean command="/usr/bin/make -f &quot;/Users/ramadan/repos/pfyl/src/device/x86_64/uart/Makefile&quot;  VERBOSE=1 clean"/>
				</MakeCommands>
			</Target>
			<Target title="uart">
				<Option output="/Users/ramadan/repos/pfyl/src/device/x86_64/uart/uart" prefix_auto="0" extension_auto="0"/>
				<Option working_dir="/Users/ramadan/repos/pfyl/src/device/x86_64/uart"/>
				<Option object_output="./"/>
				<Option type="1"/>
				<Option compiler="gcc"/>
				<Compiler>
					<Add directory="/Users/ramadan/repos/pfyl/src/common/ansi_c"/>
					<Add directory="/Users/ramadan/repos/pfyl/src/processors/encoding/common"/>
					<Add directory="/Users/ramadan/repos/pfyl/lib/nanopb"/>
					<Add directory="/Users/ramadan/repos/pfyl/src/processors/decoding/raw"/>
					<Add directory="/Users/ramadan/repos/pfyl/src/processors/encoding/itm"/>
					<Add directory="/Users/ramadan/repos/pfyl/src/sinks/raw"/>
					<Add directory="/Users/ramadan/repos/pfyl/src/sources/heap"/>
					<Add directory="/Users/ramadan/repos/pfyl/src/sources/freertos"/>
					<Add directory="/Users/ramadan/repos/pfyl/lib/influxdb-cxx/include"/>
					<Add directory="/Users/ramadan/repos/pfyl/src/processors/encoding/raw"/>
					<Add directory="/Users/ramadan/repos/pfyl/src/processors/common"/>
					<Add directory="/Users/ramadan/repos/pfyl/src/device/x86_64/uart/common"/>
					<Add directory="/Users/ramadan/repos/pfyl/src/device/x86_64/uart/common/backend"/>
				</Compiler>
				<MakeCommands>
					<Build command="/usr/bin/make -f &quot;/Users/ramadan/repos/pfyl/src/device/x86_64/uart/Makefile&quot;  VERBOSE=1 uart"/>
					<CompileFile command="/usr/bin/make -f &quot;/Users/ramadan/repos/pfyl/src/device/x86_64/uart/Makefile&quot;  VERBOSE=1 &quot;$file&quot;"/>
					<Clean command="/usr/bin/make -f &quot;/Users/ramadan/repos/pfyl/src/device/x86_64/uart/Makefile&quot;  VERBOSE=1 clean"/>
					<DistClean command="/usr/bin/make -f &quot;/Users/ramadan/repos/pfyl/src/device/x86_64/uart/Makefile&quot;  VERBOSE=1 clean"/>
				</MakeCommands>
			</Target>
			<Target title="uart/fast">
				<Option output="/Users/ramadan/repos/pfyl/src/device/x86_64/uart/uart" prefix_auto="0" extension_auto="0"/>
				<Option working_dir="/Users/ramadan/repos/pfyl/src/device/x86_64/uart"/>
				<Option object_output="./"/>
				<Option type="1"/>
				<Option compiler="gcc"/>
				<Compiler>
					<Add directory="/Users/ramadan/repos/pfyl/src/common/ansi_c"/>
					<Add directory="/Users/ramadan/repos/pfyl/src/processors/encoding/common"/>
					<Add directory="/Users/ramadan/repos/pfyl/lib/nanopb"/>
					<Add directory="/Users/ramadan/repos/pfyl/src/processors/decoding/raw"/>
					<Add directory="/Users/ramadan/repos/pfyl/src/processors/encoding/itm"/>
					<Add directory="/Users/ramadan/repos/pfyl/src/sinks/raw"/>
					<Add directory="/Users/ramadan/repos/pfyl/src/sources/heap"/>
					<Add directory="/Users/ramadan/repos/pfyl/src/sources/freertos"/>
					<Add directory="/Users/ramadan/repos/pfyl/lib/influxdb-cxx/include"/>
					<Add directory="/Users/ramadan/repos/pfyl/src/processors/encoding/raw"/>
					<Add directory="/Users/ramadan/repos/pfyl/src/processors/common"/>
					<Add directory="/Users/ramadan/repos/pfyl/src/device/x86_64/uart/common"/>
					<Add directory="/Users/ramadan/repos/pfyl/src/device/x86_64/uart/common/backend"/>
				</Compiler>
				<MakeCommands>
					<Build command="/usr/bin/make -f &quot;/Users/ramadan/repos/pfyl/src/device/x86_64/uart/Makefile&quot;  VERBOSE=1 uart/fast"/>
					<CompileFile command="/usr/bin/make -f &quot;/Users/ramadan/repos/pfyl/src/device/x86_64/uart/Makefile&quot;  VERBOSE=1 &quot;$file&quot;"/>
					<Clean command="/usr/bin/make -f &quot;/Users/ramadan/repos/pfyl/src/device/x86_64/uart/Makefile&quot;  VERBOSE=1 clean"/>
					<DistClean command="/usr/bin/make -f &quot;/Users/ramadan/repos/pfyl/src/device/x86_64/uart/Makefile&quot;  VERBOSE=1 clean"/>
				</MakeCommands>
			</Target>
		</Build>
		<Unit filename="/Users/ramadan/repos/pfyl/src/device/x86_64/common/backend/api_client.cpp">
			<Option target="uart"/>
		</Unit>
		<Unit filename="/Users/ramadan/repos/pfyl/src/device/x86_64/common/backend/api_client.h">
			<Option target="uart"/>
		</Unit>
		<Unit filename="/Users/ramadan/repos/pfyl/src/device/x86_64/common/influx_client.cpp">
			<Option target="uart"/>
		</Unit>
		<Unit filename="/Users/ramadan/repos/pfyl/src/device/x86_64/common/influx_client.h">
			<Option target="uart"/>
		</Unit>
		<Unit filename="/Users/ramadan/repos/pfyl/src/device/x86_64/uart/uart_client.cpp">
			<Option target="uart"/>
		</Unit>
		<Unit filename="/Users/ramadan/repos/pfyl/src/processors/common/TraceEntity.pb.c">
			<Option target="uart"/>
		</Unit>
		<Unit filename="/Users/ramadan/repos/pfyl/src/processors/decoding/raw/raw_decoder.c">
			<Option target="uart"/>
		</Unit>
		<Unit filename="/Users/ramadan/repos/pfyl/src/processors/decoding/raw/raw_decoder.h">
			<Option target="uart"/>
		</Unit>
		<Unit filename="/Users/ramadan/repos/pfyl/src/device/x86_64/uart/CMakeLists.txt">
			<Option virtualFolder="CMake Files\"/>
		</Unit>
		<Unit filename="/Users/ramadan/repos/pfyl/src/device/x86_64/uart/../../../CMakeLists.txt">
			<Option virtualFolder="CMake Files\..\..\..\"/>
		</Unit>
		<Unit filename="/Users/ramadan/repos/pfyl/src/device/x86_64/uart/../../../../lib/CMakeLists.txt">
			<Option virtualFolder="CMake Files\..\..\..\..\lib\"/>
		</Unit>
		<Unit filename="/Users/ramadan/repos/pfyl/src/device/x86_64/uart/../../../../lib/nanopb/extra/FindNanopb.cmake">
			<Option virtualFolder="CMake Files\..\..\..\..\lib\nanopb\extra\"/>
		</Unit>
	</Project>
</CodeBlocks_project_file>
